
Microsoft Visual Studio Solution File, Format Version 12.00
# Visual Studio 15
VisualStudioVersion = 15.0.26730.12
MinimumVisualStudioVersion = 10.0.40219.1
Project("{FAE04EC0-301F-11D3-BF4B-00C04F79EFBC}") = "TemplatesDemo", "TemplatesDemo\TemplatesDemo.csproj", "{3ECAC0C8-B456-4A9F-842B-651E9D9EDE6A}"
EndProject
Global
	GlobalSection(SolutionConfigurationPlatforms) = preSolution
		Debug|Any CPU = Debug|Any CPU
		Release|Any CPU = Release|Any CPU
	EndGlobalSection
	GlobalSection(ProjectConfigurationPlatforms) = postSolution
		{3ECAC0C8-B456-4A9F-842B-651E9D9EDE6A}.Debug|Any CPU.ActiveCfg = Debug|Any CPU
		{3ECAC0C8-B456-4A9F-842B-651E9D9EDE6A}.Debug|Any CPU.Build.0 = Debug|Any CPU
		{3ECAC0C8-B456-4A9F-842B-651E9D9EDE6A}.Release|Any CPU.ActiveCfg = Release|Any CPU
		{3ECAC0C8-B456-4A9F-842B-651E9D9EDE6A}.Release|Any CPU.Build.0 = Release|Any CPU
	EndGlobalSection
	GlobalSection(SolutionProperties) = preSolution
		HideSolutionNode = FALSE
	EndGlobalSection
	GlobalSection(ExtensibilityGlobals) = postSolution
		SolutionGuid = {E9064749-1773-4EC6-A0E6-9C98F77D9AD3}
	EndGlobalSection
EndGlobal
