
Microsoft Visual Studio Solution File, Format Version 12.00
# Visual Studio 15
VisualStudioVersion = 15.0.26730.16
MinimumVisualStudioVersion = 10.0.40219.1
Project("{FAE04EC0-301F-11D3-BF4B-00C04F79EFBC}") = "MvvmDemo", "MvvmDemo\MvvmDemo.csproj", "{486DBDAF-66F0-44B6-A783-28102A13E43A}"
EndProject
Global
	GlobalSection(SolutionConfigurationPlatforms) = preSolution
		Debug|Any CPU = Debug|Any CPU
		Release|Any CPU = Release|Any CPU
	EndGlobalSection
	GlobalSection(ProjectConfigurationPlatforms) = postSolution
		{486DBDAF-66F0-44B6-A783-28102A13E43A}.Debug|Any CPU.ActiveCfg = Debug|Any CPU
		{486DBDAF-66F0-44B6-A783-28102A13E43A}.Debug|Any CPU.Build.0 = Debug|Any CPU
		{486DBDAF-66F0-44B6-A783-28102A13E43A}.Release|Any CPU.ActiveCfg = Release|Any CPU
		{486DBDAF-66F0-44B6-A783-28102A13E43A}.Release|Any CPU.Build.0 = Release|Any CPU
	EndGlobalSection
	GlobalSection(SolutionProperties) = preSolution
		HideSolutionNode = FALSE
	EndGlobalSection
	GlobalSection(ExtensibilityGlobals) = postSolution
		SolutionGuid = {153F169A-08DE-4E3C-9FAD-03E96F5E2BA0}
	EndGlobalSection
EndGlobal
