
Microsoft Visual Studio Solution File, Format Version 12.00
# Visual Studio 15
VisualStudioVersion = 15.0.26730.16
MinimumVisualStudioVersion = 10.0.40219.1
Project("{FAE04EC0-301F-11D3-BF4B-00C04F79EFBC}") = "EntityFramework", "EntityFramework\EntityFramework.csproj", "{792C064A-5642-4F01-A988-87DC43163BDF}"
EndProject
Global
	GlobalSection(SolutionConfigurationPlatforms) = preSolution
		Debug|Any CPU = Debug|Any CPU
		Release|Any CPU = Release|Any CPU
	EndGlobalSection
	GlobalSection(ProjectConfigurationPlatforms) = postSolution
		{792C064A-5642-4F01-A988-87DC43163BDF}.Debug|Any CPU.ActiveCfg = Debug|Any CPU
		{792C064A-5642-4F01-A988-87DC43163BDF}.Debug|Any CPU.Build.0 = Debug|Any CPU
		{792C064A-5642-4F01-A988-87DC43163BDF}.Release|Any CPU.ActiveCfg = Release|Any CPU
		{792C064A-5642-4F01-A988-87DC43163BDF}.Release|Any CPU.Build.0 = Release|Any CPU
	EndGlobalSection
	GlobalSection(SolutionProperties) = preSolution
		HideSolutionNode = FALSE
	EndGlobalSection
	GlobalSection(ExtensibilityGlobals) = postSolution
		SolutionGuid = {964C94A9-B37F-4A53-97DE-3845967D5E2E}
	EndGlobalSection
EndGlobal
