
Microsoft Visual Studio Solution File, Format Version 12.00
# Visual Studio 15
VisualStudioVersion = 15.0.26730.12
MinimumVisualStudioVersion = 10.0.40219.1
Project("{FAE04EC0-301F-11D3-BF4B-00C04F79EFBC}") = "DataBinding", "DataBinding\DataBinding.csproj", "{93F9C87E-6462-44C7-ABD9-297E5C437F68}"
EndProject
Global
	GlobalSection(SolutionConfigurationPlatforms) = preSolution
		Debug|Any CPU = Debug|Any CPU
		Release|Any CPU = Release|Any CPU
	EndGlobalSection
	GlobalSection(ProjectConfigurationPlatforms) = postSolution
		{93F9C87E-6462-44C7-ABD9-297E5C437F68}.Debug|Any CPU.ActiveCfg = Debug|Any CPU
		{93F9C87E-6462-44C7-ABD9-297E5C437F68}.Debug|Any CPU.Build.0 = Debug|Any CPU
		{93F9C87E-6462-44C7-ABD9-297E5C437F68}.Release|Any CPU.ActiveCfg = Release|Any CPU
		{93F9C87E-6462-44C7-ABD9-297E5C437F68}.Release|Any CPU.Build.0 = Release|Any CPU
	EndGlobalSection
	GlobalSection(SolutionProperties) = preSolution
		HideSolutionNode = FALSE
	EndGlobalSection
	GlobalSection(ExtensibilityGlobals) = postSolution
		SolutionGuid = {36CC81E0-38E2-4EB1-A183-4B98F28BFDC4}
	EndGlobalSection
EndGlobal
