
Microsoft Visual Studio Solution File, Format Version 12.00
# Visual Studio 15
VisualStudioVersion = 15.0.26730.16
MinimumVisualStudioVersion = 10.0.40219.1
Project("{FAE04EC0-301F-11D3-BF4B-00C04F79EFBC}") = "IPL", "MVVM\IPL.csproj", "{AD4508C4-1A06-4830-8627-F56264202E00}"
EndProject
Project("{9A19103F-16F7-4668-BE54-9A1E7A4F7556}") = "ClassLibrary1", "ClassLibrary1\ClassLibrary1.csproj", "{66FA8F65-C705-4ACE-BDF0-1E07E2741D9C}"
EndProject
Global
	GlobalSection(SolutionConfigurationPlatforms) = preSolution
		Debug|Any CPU = Debug|Any CPU
		Release|Any CPU = Release|Any CPU
	EndGlobalSection
	GlobalSection(ProjectConfigurationPlatforms) = postSolution
		{AD4508C4-1A06-4830-8627-F56264202E00}.Debug|Any CPU.ActiveCfg = Debug|Any CPU
		{AD4508C4-1A06-4830-8627-F56264202E00}.Debug|Any CPU.Build.0 = Debug|Any CPU
		{AD4508C4-1A06-4830-8627-F56264202E00}.Release|Any CPU.ActiveCfg = Release|Any CPU
		{AD4508C4-1A06-4830-8627-F56264202E00}.Release|Any CPU.Build.0 = Release|Any CPU
		{66FA8F65-C705-4ACE-BDF0-1E07E2741D9C}.Debug|Any CPU.ActiveCfg = Debug|Any CPU
		{66FA8F65-C705-4ACE-BDF0-1E07E2741D9C}.Debug|Any CPU.Build.0 = Debug|Any CPU
		{66FA8F65-C705-4ACE-BDF0-1E07E2741D9C}.Release|Any CPU.ActiveCfg = Release|Any CPU
		{66FA8F65-C705-4ACE-BDF0-1E07E2741D9C}.Release|Any CPU.Build.0 = Release|Any CPU
	EndGlobalSection
	GlobalSection(SolutionProperties) = preSolution
		HideSolutionNode = FALSE
	EndGlobalSection
	GlobalSection(ExtensibilityGlobals) = postSolution
		SolutionGuid = {34BC63E6-D02A-462B-89C5-0B107D2088A3}
	EndGlobalSection
EndGlobal
